
Microsoft Visual Studio Solution File, Format Version 12.00
# Visual Studio Version 17
VisualStudioVersion = 17.3.32929.385
MinimumVisualStudioVersion = 10.0.40219.1
Project("{FAE04EC0-301F-11D3-BF4B-00C04F79EFBC}") = "5zad-e", "5zad-e\5zad-e.csproj", "{D4ED4032-3372-4E71-8DAF-BEB2C27248BB}"
EndProject
Global
	GlobalSection(SolutionConfigurationPlatforms) = preSolution
		Debug|Any CPU = Debug|Any CPU
		Release|Any CPU = Release|Any CPU
	EndGlobalSection
	GlobalSection(ProjectConfigurationPlatforms) = postSolution
		{D4ED4032-3372-4E71-8DAF-BEB2C27248BB}.Debug|Any CPU.ActiveCfg = Debug|Any CPU
		{D4ED4032-3372-4E71-8DAF-BEB2C27248BB}.Debug|Any CPU.Build.0 = Debug|Any CPU
		{D4ED4032-3372-4E71-8DAF-BEB2C27248BB}.Release|Any CPU.ActiveCfg = Release|Any CPU
		{D4ED4032-3372-4E71-8DAF-BEB2C27248BB}.Release|Any CPU.Build.0 = Release|Any CPU
	EndGlobalSection
	GlobalSection(SolutionProperties) = preSolution
		HideSolutionNode = FALSE
	EndGlobalSection
	GlobalSection(ExtensibilityGlobals) = postSolution
		SolutionGuid = {84684067-7884-401E-B67D-A3B7A69427A9}
	EndGlobalSection
EndGlobal
